
Microsoft Visual Studio Solution File, Format Version 12.00
# Visual Studio Version 17
VisualStudioVersion = 17.8.34408.163
MinimumVisualStudioVersion = 10.0.40219.1
Project("{FAE04EC0-301F-11D3-BF4B-00C04F79EFBC}") = "ElgatoLightControlPlugin", "ElgatoLightControlPlugin\ElgatoLightControlPlugin.csproj", "{C732F711-D274-41CC-A24B-3FBB22511584}"
EndProject
Project("{FAE04EC0-301F-11D3-BF4B-00C04F79EFBC}") = "ElgatoLightApiClient", "ElgatoLightApiClient\ElgatoLightApiClient.csproj", "{864E16F6-C897-4E01-BCF5-D697F6D276BE}"
EndProject
Project("{FAE04EC0-301F-11D3-BF4B-00C04F79EFBC}") = "Shared", "Shared\Shared.csproj", "{3A68DF1B-A163-4904-B8F9-EFE5FA55BC2C}"
EndProject
Global
	GlobalSection(SolutionConfigurationPlatforms) = preSolution
		Debug|Any CPU = Debug|Any CPU
		Release|Any CPU = Release|Any CPU
	EndGlobalSection
	GlobalSection(ProjectConfigurationPlatforms) = postSolution
		{C732F711-D274-41CC-A24B-3FBB22511584}.Debug|Any CPU.ActiveCfg = Debug|Any CPU
		{C732F711-D274-41CC-A24B-3FBB22511584}.Debug|Any CPU.Build.0 = Debug|Any CPU
		{C732F711-D274-41CC-A24B-3FBB22511584}.Release|Any CPU.ActiveCfg = Release|Any CPU
		{C732F711-D274-41CC-A24B-3FBB22511584}.Release|Any CPU.Build.0 = Release|Any CPU
		{864E16F6-C897-4E01-BCF5-D697F6D276BE}.Debug|Any CPU.ActiveCfg = Debug|Any CPU
		{864E16F6-C897-4E01-BCF5-D697F6D276BE}.Debug|Any CPU.Build.0 = Debug|Any CPU
		{864E16F6-C897-4E01-BCF5-D697F6D276BE}.Release|Any CPU.ActiveCfg = Release|Any CPU
		{864E16F6-C897-4E01-BCF5-D697F6D276BE}.Release|Any CPU.Build.0 = Release|Any CPU
		{3A68DF1B-A163-4904-B8F9-EFE5FA55BC2C}.Debug|Any CPU.ActiveCfg = Debug|Any CPU
		{3A68DF1B-A163-4904-B8F9-EFE5FA55BC2C}.Debug|Any CPU.Build.0 = Debug|Any CPU
		{3A68DF1B-A163-4904-B8F9-EFE5FA55BC2C}.Release|Any CPU.ActiveCfg = Release|Any CPU
		{3A68DF1B-A163-4904-B8F9-EFE5FA55BC2C}.Release|Any CPU.Build.0 = Release|Any CPU
	EndGlobalSection
	GlobalSection(SolutionProperties) = preSolution
		HideSolutionNode = FALSE
	EndGlobalSection
	GlobalSection(ExtensibilityGlobals) = postSolution
		SolutionGuid = {C4983722-4407-4B19-9F09-4798D655D645}
	EndGlobalSection
EndGlobal
