{
  "version": 1,
  "dependencies": {
    "net8.0": {
      "System.Reactive": {
        "type": "Direct",
        "requested": "[6.0.1, )",
        "resolved": "6.0.1",
        "contentHash": "rHaWtKDwCi9qJ3ObKo8LHPMuuwv33YbmQi7TcUK1C264V3MFnOr5Im7QgCTdLniztP3GJyeiSg5x8NqYJFqRmg=="
      },
      "Zeroconf": {
        "type": "Direct",
        "requested": "[3.7.16, )",
        "resolved": "3.7.16",
        "contentHash": "7NrPhT8r6a76TYVIuT0jSjLrWdwFNY0GaX1VWB6WVtI+4s3E+5Skd4IASjtEG6HFxWM4dbwPA5CpUCSFWmoYUg==",
        "dependencies": {
          "System.Reactive": "5.0.0"
        }
      },
      "elgatolightcontrol.apiclient": {
        "type": "Project",
        "dependencies": {
          "ElgatoLightControl.Shared": "[1.0.0, )",
          "System.Reactive": "[6.0.1, )",
          "Zeroconf": "[3.7.16, )"
        }
      },
      "elgatolightcontrol.shared": {
        "type": "Project",
        "dependencies": {
          "System.Reactive": "[6.0.1, )",
          "Zeroconf": "[3.7.16, )"
        }
      }
    }
  }
}